# THIS IS AN AUTOGENERATED FILE. DO NOT EDIT THIS FILE DIRECTLY.
# yarn lockfile v1


accepts@~1.0.4, accepts@~1.0.7:
  version "1.0.7"
  resolved "https://registry.yarnpkg.com/accepts/-/accepts-1.0.7.tgz#5b501fb4f0704309964ccdb048172541208dab1a"
  dependencies:
    mime-types "~1.0.0"
    negotiator "0.4.7"

any-promise@^1.0.0:
  version "1.3.0"
  resolved "https://registry.yarnpkg.com/any-promise/-/any-promise-1.3.0.tgz#abc6afeedcea52e809cdc0376aed3ce39635d17f"

base64-url@1, base64-url@1.2.1:
  version "1.2.1"
  resolved "https://registry.yarnpkg.com/base64-url/-/base64-url-1.2.1.tgz#199fd661702a0e7b7dcae6e0698bb089c52f6d78"

basic-auth-connect@1.0.0:
  version "1.0.0"
  resolved "https://registry.yarnpkg.com/basic-auth-connect/-/basic-auth-connect-1.0.0.tgz#fdb0b43962ca7b40456a7c2bb48fe173da2d2122"

basic-auth@1.0.0:
  version "1.0.0"
  resolved "https://registry.yarnpkg.com/basic-auth/-/basic-auth-1.0.0.tgz#111b2d9ff8e4e6d136b8c84ea5e096cb87351637"

batch@0.5.1:
  version "0.5.1"
  resolved "https://registry.yarnpkg.com/batch/-/batch-0.5.1.tgz#36a4bab594c050fd7b507bca0db30c2d92af4ff2"

body-parser@~1.6.7:
  version "1.6.7"
  resolved "https://registry.yarnpkg.com/body-parser/-/body-parser-1.6.7.tgz#82306becadf44543e826b3907eae93f0237c4e5c"
  dependencies:
    bytes "1.0.0"
    depd "0.4.4"
    iconv-lite "0.4.4"
    media-typer "0.2.0"
    on-finished "2.1.0"
    qs "2.2.2"
    raw-body "1.3.0"
    type-is "~1.3.2"

buffer-crc32@0.2.3:
  version "0.2.3"
  resolved "https://registry.yarnpkg.com/buffer-crc32/-/buffer-crc32-0.2.3.tgz#bb54519e95d107cbd2400e76d0cab1467336d921"

bytes@1, bytes@1.0.0:
  version "1.0.0"
  resolved "https://registry.yarnpkg.com/bytes/-/bytes-1.0.0.tgz#3569ede8ba34315fab99c3e92cb04c7220de1fa8"

commander@1.3.2:
  version "1.3.2"
  resolved "https://registry.yarnpkg.com/commander/-/commander-1.3.2.tgz#8a8f30ec670a6fdd64af52f1914b907d79ead5b5"
  dependencies:
    keypress "0.1.x"

compressible@~1.1.1:
  version "1.1.1"
  resolved "https://registry.yarnpkg.com/compressible/-/compressible-1.1.1.tgz#23b71ea90ea6c6a66289701a918182c24d0729ef"

compression@~1.0.11:
  version "1.0.11"
  resolved "https://registry.yarnpkg.com/compression/-/compression-1.0.11.tgz#69700cf1ee8963454356ac192a6e5e91e232bffb"
  dependencies:
    accepts "~1.0.7"
    bytes "1.0.0"
    compressible "~1.1.1"
    debug "1.0.4"
    on-headers "~1.0.0"
    vary "~1.0.0"

connect-timeout@~1.2.2:
  version "1.2.2"
  resolved "https://registry.yarnpkg.com/connect-timeout/-/connect-timeout-1.2.2.tgz#5953602bb66abfd5fa21ae911a7221c5e825a1c0"
  dependencies:
    debug "1.0.4"
    ms "0.6.2"
    on-headers "~1.0.0"

connect@2.25.10:
  version "2.25.10"
  resolved "https://registry.yarnpkg.com/connect/-/connect-2.25.10.tgz#183b3b55069ac7cd4b59ffdd87cc4cc5f7ffa8a7"
  dependencies:
    basic-auth-connect "1.0.0"
    body-parser "~1.6.7"
    bytes "1.0.0"
    compression "~1.0.11"
    connect-timeout "~1.2.2"
    cookie "0.1.2"
    cookie-parser "1.3.2"
    cookie-signature "1.0.4"
    csurf "~1.4.1"
    debug "1.0.4"
    depd "0.4.4"
    errorhandler "1.1.1"
    express-session "~1.7.6"
    finalhandler "0.1.0"
    fresh "0.2.2"
    media-typer "0.2.0"
    method-override "~2.1.3"
    morgan "~1.2.3"
    multiparty "3.3.2"
    on-headers "~1.0.0"
    parseurl "~1.3.0"
    pause "0.0.1"
    qs "2.2.2"
    response-time "~2.0.1"
    serve-favicon "2.0.1"
    serve-index "~1.1.6"
    serve-static "~1.5.4"
    type-is "~1.3.2"
    vhost "2.0.0"

cookie-parser@1.3.2:
  version "1.3.2"
  resolved "https://registry.yarnpkg.com/cookie-parser/-/cookie-parser-1.3.2.tgz#52211cc82c955d79ff0c088954407724e19cf562"
  dependencies:
    cookie "0.1.2"
    cookie-signature "1.0.4"

cookie-signature@1.0.4:
  version "1.0.4"
  resolved "https://registry.yarnpkg.com/cookie-signature/-/cookie-signature-1.0.4.tgz#0edd22286e3a111b9a2a70db363e925e867f6aca"

cookie@0.1.2:
  version "0.1.2"
  resolved "https://registry.yarnpkg.com/cookie/-/cookie-0.1.2.tgz#72fec3d24e48a3432073d90c12642005061004b1"

core-util-is@~1.0.0:
  version "1.0.2"
  resolved "https://registry.yarnpkg.com/core-util-is/-/core-util-is-1.0.2.tgz#b5fd54220aa2bc5ab57aab7140c940754503c1a7"

csrf@~2.0.1:
  version "2.0.7"
  resolved "https://registry.yarnpkg.com/csrf/-/csrf-2.0.7.tgz#d04f52e0f6a28a7e2cfe1e01dd5ebc251b3d4201"
  dependencies:
    base64-url "1.2.1"
    rndm "~1.1.0"
    scmp "1.0.0"
    uid-safe "~1.1.0"

csurf@~1.4.1:
  version "1.4.1"
  resolved "https://registry.yarnpkg.com/csurf/-/csurf-1.4.1.tgz#0ccaf026992b2d218771d6174f5c6c402a6289fd"
  dependencies:
    cookie "0.1.2"
    cookie-signature "1.0.4"
    csrf "~2.0.1"

debug@1.0.4:
  version "1.0.4"
  resolved "https://registry.yarnpkg.com/debug/-/debug-1.0.4.tgz#5b9c256bd54b6ec02283176fa8a0ede6d154cbf8"
  dependencies:
    ms "0.6.2"

depd@0.4.4:
  version "0.4.4"
  resolved "https://registry.yarnpkg.com/depd/-/depd-0.4.4.tgz#07091fae75f97828d89b4a02a2d4778f0e7c0662"

destroy@1.0.3:
  version "1.0.3"
  resolved "https://registry.yarnpkg.com/destroy/-/destroy-1.0.3.tgz#b433b4724e71fd8551d9885174851c5fc377e2c9"

ee-first@1.0.5:
  version "1.0.5"
  resolved "https://registry.yarnpkg.com/ee-first/-/ee-first-1.0.5.tgz#8c9b212898d8cd9f1a9436650ce7be202c9e9ff0"

errorhandler@1.1.1:
  version "1.1.1"
  resolved "https://registry.yarnpkg.com/errorhandler/-/errorhandler-1.1.1.tgz#18defd436d8ca2efe0a2d886c5c4d6ee6d76d691"
  dependencies:
    accepts "~1.0.4"
    escape-html "1.0.1"

escape-html@1.0.1:
  version "1.0.1"
  resolved "https://registry.yarnpkg.com/escape-html/-/escape-html-1.0.1.tgz#181a286ead397a39a92857cfb1d43052e356bff0"

express-session@~1.7.6:
  version "1.7.6"
  resolved "https://registry.yarnpkg.com/express-session/-/express-session-1.7.6.tgz#e1c369ba2176f7afdb79e77d65dcd8c7c46e48a5"
  dependencies:
    buffer-crc32 "0.2.3"
    cookie "0.1.2"
    cookie-signature "1.0.4"
    debug "1.0.4"
    depd "0.4.4"
    on-headers "~1.0.0"
    parseurl "~1.3.0"
    uid-safe "1.0.1"
    utils-merge "1.0.0"

express@~3.16.0:
  version "3.16.10"
  resolved "https://registry.yarnpkg.com/express/-/express-3.16.10.tgz#c68c5ac30e9e890b812c11408dcde183c411bb56"
  dependencies:
    basic-auth "1.0.0"
    buffer-crc32 "0.2.3"
    commander "1.3.2"
    connect "2.25.10"
    cookie "0.1.2"
    cookie-signature "1.0.4"
    debug "1.0.4"
    depd "0.4.4"
    escape-html "1.0.1"
    fresh "0.2.2"
    media-typer "0.2.0"
    merge-descriptors "0.0.2"
    methods "1.1.0"
    mkdirp "0.5.0"
    parseurl "~1.3.0"
    proxy-addr "1.0.1"
    range-parser "1.0.0"
    send "0.8.5"
    vary "0.1.0"

finalhandler@0.1.0:
  version "0.1.0"
  resolved "https://registry.yarnpkg.com/finalhandler/-/finalhandler-0.1.0.tgz#da05bbc4f5f4a30c84ce1d91f3c154007c4e9daa"
  dependencies:
    debug "1.0.4"
    escape-html "1.0.1"

fresh@0.2.2:
  version "0.2.2"
  resolved "https://registry.yarnpkg.com/fresh/-/fresh-0.2.2.tgz#9731dcf5678c7faeb44fb903c4f72df55187fa77"

iconv-lite@0.4.4:
  version "0.4.4"
  resolved "https://registry.yarnpkg.com/iconv-lite/-/iconv-lite-0.4.4.tgz#e95f2e41db0735fc21652f7827a5ee32e63c83a8"

inherits@~2.0.1:
  version "2.0.3"
  resolved "https://registry.yarnpkg.com/inherits/-/inherits-2.0.3.tgz#633c2c83e3da42a502f52466022480f4208261de"

ipaddr.js@0.1.2:
  version "0.1.2"
  resolved "https://registry.yarnpkg.com/ipaddr.js/-/ipaddr.js-0.1.2.tgz#6a1fd3d854f5002965c34d7bbcd9b4a8d4b0467e"

isarray@0.0.1:
  version "0.0.1"
  resolved "https://registry.yarnpkg.com/isarray/-/isarray-0.0.1.tgz#8a18acfca9a8f4177e09abfc6038939b05d1eedf"

keypress@0.1.x:
  version "0.1.0"
  resolved "https://registry.yarnpkg.com/keypress/-/keypress-0.1.0.tgz#4a3188d4291b66b4f65edb99f806aa9ae293592a"

media-typer@0.2.0:
  version "0.2.0"
  resolved "https://registry.yarnpkg.com/media-typer/-/media-typer-0.2.0.tgz#d8a065213adfeaa2e76321a2b6dda36ff6335984"

merge-descriptors@0.0.2:
  version "0.0.2"
  resolved "https://registry.yarnpkg.com/merge-descriptors/-/merge-descriptors-0.0.2.tgz#c36a52a781437513c57275f39dd9d317514ac8c7"

method-override@~2.1.3:
  version "2.1.3"
  resolved "https://registry.yarnpkg.com/method-override/-/method-override-2.1.3.tgz#511f41c4fb1dccdb6ab1844da5dc6ea81b7c1135"
  dependencies:
    debug "1.0.4"
    methods "1.1.0"
    parseurl "~1.3.0"
    vary "~1.0.0"

methods@1.1.0:
  version "1.1.0"
  resolved "https://registry.yarnpkg.com/methods/-/methods-1.1.0.tgz#5dca4ee12df52ff3b056145986a8f01cbc86436f"

mime-types@~1.0.0, mime-types@~1.0.1:
  version "1.0.2"
  resolved "https://registry.yarnpkg.com/mime-types/-/mime-types-1.0.2.tgz#995ae1392ab8affcbfcb2641dd054e943c0d5dce"

mime@1.2.11:
  version "1.2.11"
  resolved "https://registry.yarnpkg.com/mime/-/mime-1.2.11.tgz#58203eed86e3a5ef17aed2b7d9ebd47f0a60dd10"

minimist@0.0.8:
  version "0.0.8"
  resolved "https://registry.yarnpkg.com/minimist/-/minimist-0.0.8.tgz#857fcabfc3397d2625b8228262e86aa7a011b05d"

mkdirp@0.5.0:
  version "0.5.0"
  resolved "https://registry.yarnpkg.com/mkdirp/-/mkdirp-0.5.0.tgz#1d73076a6df986cd9344e15e71fcc05a4c9abf12"
  dependencies:
    minimist "0.0.8"

morgan@~1.2.3:
  version "1.2.3"
  resolved "https://registry.yarnpkg.com/morgan/-/morgan-1.2.3.tgz#3b0f1704df90255a542591abacd797891a8c40a1"
  dependencies:
    basic-auth "1.0.0"
    bytes "1.0.0"
    depd "0.4.4"
    on-finished "2.1.0"

ms@0.6.2:
  version "0.6.2"
  resolved "https://registry.yarnpkg.com/ms/-/ms-0.6.2.tgz#d89c2124c6fdc1353d65a8b77bf1aac4b193708c"

multiparty@3.3.2:
  version "3.3.2"
  resolved "https://registry.yarnpkg.com/multiparty/-/multiparty-3.3.2.tgz#35de6804dc19643e5249f3d3e3bdc6c8ce301d3f"
  dependencies:
    readable-stream "~1.1.9"
    stream-counter "~0.2.0"

mz@1:
  version "1.3.0"
  resolved "https://registry.yarnpkg.com/mz/-/mz-1.3.0.tgz#06f093fdd9956a06d37e1b1e81344e27478c42f0"
  dependencies:
    native-or-bluebird "1"
    thenify "3"
    thenify-all "1"

native-or-bluebird@1, native-or-bluebird@~1.1.2:
  version "1.1.2"
  resolved "https://registry.yarnpkg.com/native-or-bluebird/-/native-or-bluebird-1.1.2.tgz#3921e110232d1eb790f3dac61bb370531c7d356e"

negotiator@0.4.7:
  version "0.4.7"
  resolved "https://registry.yarnpkg.com/negotiator/-/negotiator-0.4.7.tgz#a4160f7177ec806738631d0d3052325da42abdc8"

on-finished@2.1.0:
  version "2.1.0"
  resolved "https://registry.yarnpkg.com/on-finished/-/on-finished-2.1.0.tgz#0c539f09291e8ffadde0c8a25850fb2cedc7022d"
  dependencies:
    ee-first "1.0.5"

on-headers@~1.0.0:
  version "1.0.1"
  resolved "https://registry.yarnpkg.com/on-headers/-/on-headers-1.0.1.tgz#928f5d0f470d49342651ea6794b0857c100693f7"

parseurl@~1.3.0:
  version "1.3.1"
  resolved "https://registry.yarnpkg.com/parseurl/-/parseurl-1.3.1.tgz#c8ab8c9223ba34888aa64a297b28853bec18da56"

pause@0.0.1:
  version "0.0.1"
  resolved "https://registry.yarnpkg.com/pause/-/pause-0.0.1.tgz#1d408b3fdb76923b9543d96fb4c9dfd535d9cb5d"

proxy-addr@1.0.1:
  version "1.0.1"
  resolved "https://registry.yarnpkg.com/proxy-addr/-/proxy-addr-1.0.1.tgz#c7c566d5eb4e3fad67eeb9c77c5558ccc39b88a8"
  dependencies:
    ipaddr.js "0.1.2"

qs@2.2.2:
  version "2.2.2"
  resolved "https://registry.yarnpkg.com/qs/-/qs-2.2.2.tgz#dfe783f1854b1ac2b3ade92775ad03e27e03218c"

range-parser@1.0.0, range-parser@~1.0.0:
  version "1.0.0"
  resolved "https://registry.yarnpkg.com/range-parser/-/range-parser-1.0.0.tgz#a4b264cfe0be5ce36abe3765ac9c2a248746dbc0"

raw-body@1.3.0:
  version "1.3.0"
  resolved "https://registry.yarnpkg.com/raw-body/-/raw-body-1.3.0.tgz#978230a156a5548f42eef14de22d0f4f610083d1"
  dependencies:
    bytes "1"
    iconv-lite "0.4.4"

readable-stream@~1.1.8, readable-stream@~1.1.9:
  version "1.1.14"
  resolved "https://registry.yarnpkg.com/readable-stream/-/readable-stream-1.1.14.tgz#7cf4c54ef648e3813084c636dd2079e166c081d9"
  dependencies:
    core-util-is "~1.0.0"
    inherits "~2.0.1"
    isarray "0.0.1"
    string_decoder "~0.10.x"

response-time@~2.0.1:
  version "2.0.1"
  resolved "https://registry.yarnpkg.com/response-time/-/response-time-2.0.1.tgz#c6d2cbadeac4cb251b21016fe182640c02aff343"
  dependencies:
    on-headers "~1.0.0"

rndm@~1.1.0:
  version "1.1.1"
  resolved "https://registry.yarnpkg.com/rndm/-/rndm-1.1.1.tgz#efcef4374021f78b63de6226b5985120269d64f1"

scmp@1.0.0:
  version "1.0.0"
  resolved "https://registry.yarnpkg.com/scmp/-/scmp-1.0.0.tgz#a0b272c3fc7292f77115646f00618b0262514e04"

send@0.8.5:
  version "0.8.5"
  resolved "https://registry.yarnpkg.com/send/-/send-0.8.5.tgz#37f708216e6f50c175e74c69fec53484e2fd82c7"
  dependencies:
    debug "1.0.4"
    depd "0.4.4"
    destroy "1.0.3"
    escape-html "1.0.1"
    fresh "0.2.2"
    mime "1.2.11"
    ms "0.6.2"
    on-finished "2.1.0"
    range-parser "~1.0.0"

serve-favicon@2.0.1:
  version "2.0.1"
  resolved "https://registry.yarnpkg.com/serve-favicon/-/serve-favicon-2.0.1.tgz#4826975d9f173ca3a4158e9698161f75dec7afec"
  dependencies:
    fresh "0.2.2"

serve-index@~1.1.6:
  version "1.1.6"
  resolved "https://registry.yarnpkg.com/serve-index/-/serve-index-1.1.6.tgz#b758318fe781628383f66ac80dd447712ea7781f"
  dependencies:
    accepts "~1.0.7"
    batch "0.5.1"
    parseurl "~1.3.0"

serve-static@~1.5.4:
  version "1.5.4"
  resolved "https://registry.yarnpkg.com/serve-static/-/serve-static-1.5.4.tgz#819fb37ae46bd02dd520b77fcf7fd8f5112f9782"
  dependencies:
    escape-html "1.0.1"
    parseurl "~1.3.0"
    send "0.8.5"
    utils-merge "1.0.0"

stream-counter@~0.2.0:
  version "0.2.0"
  resolved "https://registry.yarnpkg.com/stream-counter/-/stream-counter-0.2.0.tgz#ded266556319c8b0e222812b9cf3b26fa7d947de"
  dependencies:
    readable-stream "~1.1.8"

string_decoder@~0.10.x:
  version "0.10.31"
  resolved "https://registry.yarnpkg.com/string_decoder/-/string_decoder-0.10.31.tgz#62e203bc41766c6c28c9fc84301dab1c5310fa94"

thenify-all@1:
  version "1.6.0"
  resolved "https://registry.yarnpkg.com/thenify-all/-/thenify-all-1.6.0.tgz#1a1918d402d8fc3f98fbf234db0bcc8cc10e9726"
  dependencies:
    thenify ">= 3.1.0 < 4"

thenify@3, "thenify@>= 3.1.0 < 4":
  version "3.2.1"
  resolved "https://registry.yarnpkg.com/thenify/-/thenify-3.2.1.tgz#251fd1c80aff6e5cf57cb179ab1fcb724269bd11"
  dependencies:
    any-promise "^1.0.0"

type-is@~1.3.2:
  version "1.3.2"
  resolved "https://registry.yarnpkg.com/type-is/-/type-is-1.3.2.tgz#4f2a5dc58775ca1630250afc7186f8b36309d1bb"
  dependencies:
    media-typer "0.2.0"
    mime-types "~1.0.1"

uid-safe@1.0.1:
  version "1.0.1"
  resolved "https://registry.yarnpkg.com/uid-safe/-/uid-safe-1.0.1.tgz#5bd148460a2e84f54f193fd20352c8c3d7de6ac8"
  dependencies:
    base64-url "1"
    mz "1"

uid-safe@~1.1.0:
  version "1.1.0"
  resolved "https://registry.yarnpkg.com/uid-safe/-/uid-safe-1.1.0.tgz#58d6c5dabf8dfbd8d52834839806c03fd6143232"
  dependencies:
    base64-url "1.2.1"
    native-or-bluebird "~1.1.2"

utils-merge@1.0.0:
  version "1.0.0"
  resolved "https://registry.yarnpkg.com/utils-merge/-/utils-merge-1.0.0.tgz#0294fb922bb9375153541c4f7096231f287c8af8"

vary@0.1.0:
  version "0.1.0"
  resolved "https://registry.yarnpkg.com/vary/-/vary-0.1.0.tgz#df0945899e93c0cc5bd18cc8321d9d21e74f6176"

vary@~1.0.0:
  version "1.0.1"
  resolved "https://registry.yarnpkg.com/vary/-/vary-1.0.1.tgz#99e4981566a286118dfb2b817357df7993376d10"

vhost@2.0.0:
  version "2.0.0"
  resolved "https://registry.yarnpkg.com/vhost/-/vhost-2.0.0.tgz#1e26770bd0fce86c40945591e6f284c6891791e2"
